PODS:
  - DDRedemptionsUI (0.1.0)
  - FBSnapshotTestCase (2.1.4):
    - FBSnapshotTestCase/SwiftSupport (= 2.1.4)
  - FBSnapshotTestCase/Core (2.1.4)
  - FBSnapshotTestCase/SwiftSupport (2.1.4):
    - FBSnapshotTestCase/Core

DEPENDENCIES:
  - DDRedemptionsUI (from `../`)
  - FBSnapshotTestCase

SPEC REPOS:
  trunk:
    - FBSnapshotTestCase

EXTERNAL SOURCES:
  DDRedemptionsUI:
    :path: "../"

SPEC CHECKSUMS:
  DDRedemptionsUI: d12241c85936bd6e2d459a66936eea6a8b8c8736
  FBSnapshotTestCase: 094f9f314decbabe373b87cc339bea235a63e07a

PODFILE CHECKSUM: b7a0d75a694db5936da078c1b76f2f579a4d0340

COCOAPODS: 1.8.4
