PODS:
  - DDAuthUI (0.1.0)
  - FBSnapshotTestCase (2.1.4):
    - FBSnapshotTestCase/SwiftSupport (= 2.1.4)
  - FBSnapshotTestCase/Core (2.1.4)
  - FBSnapshotTestCase/SwiftSupport (2.1.4):
    - FBSnapshotTestCase/Core

DEPENDENCIES:
  - DDAuthUI (from `../`)
  - FBSnapshotTestCase

SPEC REPOS:
  https://github.com/cocoapods/specs.git:
    - FBSnapshotTestCase

EXTERNAL SOURCES:
  DDAuthUI:
    :path: "../"

SPEC CHECKSUMS:
  DDAuthUI: 84d3dddb7059f43deb5a2b46bc8b546321eab257
  FBSnapshotTestCase: 094f9f314decbabe373b87cc339bea235a63e07a

PODFILE CHECKSUM: 3ee8baae056a603c73ff360c4d783d52fd42d305

COCOAPODS: 1.7.5
