PODS:
  - DDPingsUI (0.1.0)
  - FBSnapshotTestCase (2.1.4):
    - FBSnapshotTestCase/SwiftSupport (= 2.1.4)
  - FBSnapshotTestCase/Core (2.1.4)
  - FBSnapshotTestCase/SwiftSupport (2.1.4):
    - FBSnapshotTestCase/Core

DEPENDENCIES:
  - DDPingsUI (from `../`)
  - FBSnapshotTestCase

SPEC REPOS:
  trunk:
    - FBSnapshotTestCase

EXTERNAL SOURCES:
  DDPingsUI:
    :path: "../"

SPEC CHECKSUMS:
  DDPingsUI: b4330cf6b5b1650785e228ce32941e5ce9425655
  FBSnapshotTestCase: 094f9f314decbabe373b87cc339bea235a63e07a

PODFILE CHECKSUM: f4a2db0513ba6108e43ee2aa3c7e8e275ece6e49

COCOAPODS: 1.8.4
